
Microsoft Visual Studio Solution File, Format Version 12.00
# Visual Studio Version 17
VisualStudioVersion = 17.0.32014.148
MinimumVisualStudioVersion = 10.0.40219.1
Project("{9A19103F-16F7-4668-BE54-9A1E7A4F7556}") = "HandyMan", "HandyMan.csproj", "{47CAB977-EF82-415D-B4BB-A18CADB319BC}"
EndProject
Project("{9A19103F-16F7-4668-BE54-9A1E7A4F7556}") = "HandyMan.Business", "..\HandyMan.Business\HandyMan.Business.csproj", "{83EE7286-26A5-4F1A-8B4F-3DFC7E2948CD}"
EndProject
Project("{9A19103F-16F7-4668-BE54-9A1E7A4F7556}") = "HandyMan.Data", "..\HandyMan.Data\HandyMan.Data.csproj", "{B94917D8-14EF-4ADD-868E-08984868EBCD}"
EndProject
Project("{9A19103F-16F7-4668-BE54-9A1E7A4F7556}") = "HandyMan.ViewModel", "..\HandyMan.ViewModel\HandyMan.ViewModel.csproj", "{72C54C49-1D90-4CE3-BF1C-5DCD07E2A619}"
EndProject
Project("{9A19103F-16F7-4668-BE54-9A1E7A4F7556}") = "HandyMan.Repository", "..\HandyMan.Repository\HandyMan.Repository.csproj", "{31EAAC8E-6C40-4D6E-A9F1-62E1CE06C4FC}"
EndProject
Project("{9A19103F-16F7-4668-BE54-9A1E7A4F7556}") = "HandyMan.Enums", "..\HandyMan.Enums\HandyMan.Enums.csproj", "{A43C1097-82A8-4EB9-99A9-96F0348F8E05}"
EndProject
Project("{2150E333-8FDC-42A3-9474-1A3956D46DE8}") = "Solution Items", "Solution Items", "{10A734CC-9A38-4B93-B100-EA4F0A9039E7}"
	ProjectSection(SolutionItems) = preProject
		.editorconfig = .editorconfig
	EndProjectSection
EndProject
Global
	GlobalSection(SolutionConfigurationPlatforms) = preSolution
		Debug|Any CPU = Debug|Any CPU
		Release|Any CPU = Release|Any CPU
	EndGlobalSection
	GlobalSection(ProjectConfigurationPlatforms) = postSolution
		{47CAB977-EF82-415D-B4BB-A18CADB319BC}.Debug|Any CPU.ActiveCfg = Debug|Any CPU
		{47CAB977-EF82-415D-B4BB-A18CADB319BC}.Debug|Any CPU.Build.0 = Debug|Any CPU
		{47CAB977-EF82-415D-B4BB-A18CADB319BC}.Release|Any CPU.ActiveCfg = Release|Any CPU
		{47CAB977-EF82-415D-B4BB-A18CADB319BC}.Release|Any CPU.Build.0 = Release|Any CPU
		{83EE7286-26A5-4F1A-8B4F-3DFC7E2948CD}.Debug|Any CPU.ActiveCfg = Debug|Any CPU
		{83EE7286-26A5-4F1A-8B4F-3DFC7E2948CD}.Debug|Any CPU.Build.0 = Debug|Any CPU
		{83EE7286-26A5-4F1A-8B4F-3DFC7E2948CD}.Release|Any CPU.ActiveCfg = Release|Any CPU
		{83EE7286-26A5-4F1A-8B4F-3DFC7E2948CD}.Release|Any CPU.Build.0 = Release|Any CPU
		{B94917D8-14EF-4ADD-868E-08984868EBCD}.Debug|Any CPU.ActiveCfg = Debug|Any CPU
		{B94917D8-14EF-4ADD-868E-08984868EBCD}.Debug|Any CPU.Build.0 = Debug|Any CPU
		{B94917D8-14EF-4ADD-868E-08984868EBCD}.Release|Any CPU.ActiveCfg = Release|Any CPU
		{B94917D8-14EF-4ADD-868E-08984868EBCD}.Release|Any CPU.Build.0 = Release|Any CPU
		{72C54C49-1D90-4CE3-BF1C-5DCD07E2A619}.Debug|Any CPU.ActiveCfg = Debug|Any CPU
		{72C54C49-1D90-4CE3-BF1C-5DCD07E2A619}.Debug|Any CPU.Build.0 = Debug|Any CPU
		{72C54C49-1D90-4CE3-BF1C-5DCD07E2A619}.Release|Any CPU.ActiveCfg = Release|Any CPU
		{72C54C49-1D90-4CE3-BF1C-5DCD07E2A619}.Release|Any CPU.Build.0 = Release|Any CPU
		{31EAAC8E-6C40-4D6E-A9F1-62E1CE06C4FC}.Debug|Any CPU.ActiveCfg = Debug|Any CPU
		{31EAAC8E-6C40-4D6E-A9F1-62E1CE06C4FC}.Debug|Any CPU.Build.0 = Debug|Any CPU
		{31EAAC8E-6C40-4D6E-A9F1-62E1CE06C4FC}.Release|Any CPU.ActiveCfg = Release|Any CPU
		{31EAAC8E-6C40-4D6E-A9F1-62E1CE06C4FC}.Release|Any CPU.Build.0 = Release|Any CPU
		{A43C1097-82A8-4EB9-99A9-96F0348F8E05}.Debug|Any CPU.ActiveCfg = Debug|Any CPU
		{A43C1097-82A8-4EB9-99A9-96F0348F8E05}.Debug|Any CPU.Build.0 = Debug|Any CPU
		{A43C1097-82A8-4EB9-99A9-96F0348F8E05}.Release|Any CPU.ActiveCfg = Release|Any CPU
		{A43C1097-82A8-4EB9-99A9-96F0348F8E05}.Release|Any CPU.Build.0 = Release|Any CPU
	EndGlobalSection
	GlobalSection(SolutionProperties) = preSolution
		HideSolutionNode = FALSE
	EndGlobalSection
	GlobalSection(ExtensibilityGlobals) = postSolution
		SolutionGuid = {C8D79DAB-4110-4682-AB7E-544CED6A5460}
	EndGlobalSection
EndGlobal
